{
  "lockfileVersion": 2,
  "configVersion": 1,
  "workspaces": {
    "": {
      "name": "pucchinglgl",
      "devDependencies": {
        "@tsconfig/bun": "1.0.11",
        "@tsconfig/strictest": "2.0.8",
        "@types/bun": "1.4.0",
        "tone": "15.1.22",
      },
    },
  },
  "packages": {
    "@babel/runtime": ["@babel/runtime@7.29.7", "", {}, "sha512-Nq8OhGWiZIZGV6hLHoyAKLLcJihP/xFeBMGJoUrxTX2psI8dCifzLhZISFb+VWS3wFMRDmCGw5R+dOySCqPLhw=="],

    "@tsconfig/bun": ["@tsconfig/bun@1.0.11", "", {}, "sha512-DQA3HOKFQ+/yPTUa73k5QGcuEM1ExtL6uWQMR0QrfOTitm0oLHqHd1tI74WtEtMqlIu+tvSMELJ6p5uNxVE7lw=="],

    "@tsconfig/strictest": ["@tsconfig/strictest@2.0.8", "", {}, "sha512-XnQ7vNz5HRN0r88GYf1J9JJjqtZPiHt2woGJOo2dYqyHGGcd6OLGqSlBB6p1j9mpzja6Oe5BoPqWmeDx6X9rLw=="],

    "@types/bun": ["@types/bun@1.4.0", "", { "dependencies": { "bun-types": "1.4.0" } }, "sha512-K+lZULY23vRgK/CfTjFIV+tyifaNdSMlPh9j+6mQ/cLfpOznLyAuzgV/JQysyECpkBQLVMSyvjlr2fBUSA9wFQ=="],

    "@types/node": ["@types/node@26.5.1", "", { "dependencies": { "undici-types": "~8.9.0" } }, "sha512-CzNm2FezW4VR/LjG6yUdiEgLE/rAQ9Slj5gCu/C2VrdcW7I0ahNZ8DRbHT7zOZ6r3ONgd/bsQIeSaoDGrd1C6g=="],

    "automation-events": ["automation-events@7.1.19", "", { "dependencies": { "@babel/runtime": "^7.29.2", "tslib": "^2.8.1" } }, "sha512-cD+TLhJTI0q4AI3ktd353lrGZiVa9AchowSDzQzzGjSoYe22js4vlS32VUtWuaulghi1Yq0KYNWKk9wWuGymPA=="],

    "bun-types": ["bun-types@1.4.0", "", { "dependencies": { "@types/node": "*" } }, "sha512-iIKw23BspnQQYd3prITOBxeUsxBHnwzX6YJfGMuNOZzeNcMmVqzIIVGRm1l69ogaPQmb4wB6BN8mA5bE9YuC5Q=="],

    "standardized-audio-context": ["standardized-audio-context@25.3.77", "", { "dependencies": { "@babel/runtime": "^7.25.6", "automation-events": "^7.0.9", "tslib": "^2.7.0" } }, "sha512-Ki9zNz6pKcC5Pi+QPjPyVsD9GwJIJWgryji0XL9cAJXMGyn+dPOf6Qik1AHei0+UNVcc4BOCa0hWLBzlwqsW/A=="],

    "tone": ["tone@15.1.22", "", { "dependencies": { "standardized-audio-context": "^25.3.70", "tslib": "^2.3.1" } }, "sha512-TCScAGD4sLsama5DjvTUXlLDXSqPealhL64nsdV1hhr6frPWve0DeSo63AKnSJwgfg55fhvxj0iPPRwPN5o0ag=="],

    "tslib": ["tslib@2.8.1", "", {}, "sha512-oJFu94HQb+KVduSUQL7wnpmqnfmLsOA/nAh6b6EH0wCEoK0/mPeXU6c3wKDV83MkOuHPRHtSXKKU99IBazS/2w=="],

    "undici-types": ["undici-types@8.9.0", "", {}, "sha512-KTDyRTYX8sWmKXAikPHHSyc63CRPETMctyjKFupcC6OBLXT3xsN0e9aF7m+mIXutFWpUXuedtowG7iLOzp0kQg=="],
  }
}
